
Microsoft Visual Studio Solution File, Format Version 12.00
# Visual Studio 15
VisualStudioVersion = 15.0.26730.10
MinimumVisualStudioVersion = 10.0.40219.1
Project("{FAE04EC0-301F-11D3-BF4B-00C04F79EFBC}") = "001", "001\001.csproj", "{DE6C2F35-F542-4035-B340-F9AC186AA547}"
EndProject
Project("{FAE04EC0-301F-11D3-BF4B-00C04F79EFBC}") = "002", "002\002.csproj", "{0B852796-C913-400B-9A3D-AB482718150A}"
EndProject
Project("{FAE04EC0-301F-11D3-BF4B-00C04F79EFBC}") = "003_错误处理_异常处理", "003_错误处理_异常处理\003_错误处理_异常处理.csproj", "{EADFCB07-2069-4A63-B48A-3D5C703FF574}"
EndProject
Project("{FAE04EC0-301F-11D3-BF4B-00C04F79EFBC}") = "004_面向对象编程_类", "004_面向对象编程_类\004_面向对象编程_类.csproj", "{50AADDCA-4A07-4B84-B6B4-931A7EDC4062}"
EndProject
Project("{FAE04EC0-301F-11D3-BF4B-00C04F79EFBC}") = "005_堆和栈", "005_堆和栈\005_堆和栈.csproj", "{10AA4B6E-F7A0-4C06-A1C0-10BCAF1FDAA4}"
EndProject
Project("{FAE04EC0-301F-11D3-BF4B-00C04F79EFBC}") = "006_继承", "006_继承\006_继承.csproj", "{10992129-1F52-4C47-9250-0E9CC361BA31}"
EndProject
Project("{FAE04EC0-301F-11D3-BF4B-00C04F79EFBC}") = "007_接口", "007_接口\007_接口.csproj", "{AA151178-9EEE-4FD3-AF98-B1721D97333F}"
EndProject
Project("{FAE04EC0-301F-11D3-BF4B-00C04F79EFBC}") = "008_List", "008_List\008_List.csproj", "{1D6FE0DE-131A-46C1-998A-6D49A0DA616A}"
EndProject
Project("{FAE04EC0-301F-11D3-BF4B-00C04F79EFBC}") = "008_泛型", "008_泛型\008_泛型.csproj", "{0194EAC0-14A6-4204-9ED2-F0F546F53B37}"
EndProject
Project("{FAE04EC0-301F-11D3-BF4B-00C04F79EFBC}") = "009_正则表达式", "009_正则表达式\009_正则表达式.csproj", "{F73367EB-8A55-492D-B31B-77FCA68A8CE0}"
EndProject
Project("{FAE04EC0-301F-11D3-BF4B-00C04F79EFBC}") = "010_委托", "010_委托\010_委托.csproj", "{6F57FCFF-FDDB-4402-994A-3031F72D1C05}"
EndProject
Project("{FAE04EC0-301F-11D3-BF4B-00C04F79EFBC}") = "011_文件操作", "011_文件操作\011_文件操作.csproj", "{20E051BF-1252-47DA-96B7-22ED4A3BD62A}"
EndProject
Project("{FAE04EC0-301F-11D3-BF4B-00C04F79EFBC}") = "012_xml", "012_xml\012_xml.csproj", "{5C2A83E3-7CDE-4565-AED6-3EB46EFE42C0}"
EndProject
Project("{FAE04EC0-301F-11D3-BF4B-00C04F79EFBC}") = "013_xml例子", "013_xml例子\013_xml例子.csproj", "{E3C9DB98-2514-4951-904F-E4A139CF6E99}"
EndProject
Project("{FAE04EC0-301F-11D3-BF4B-00C04F79EFBC}") = "014_Json", "014_Json\014_Json.csproj", "{EC3FF145-CE12-4E7F-9100-AC3C71302398}"
EndProject
Project("{FAE04EC0-301F-11D3-BF4B-00C04F79EFBC}") = "015_Excel操作", "015_Excel操作\015_Excel操作.csproj", "{3ACC696C-755F-44FD-BD31-F8FC80C0FF99}"
EndProject
Global
	GlobalSection(SolutionConfigurationPlatforms) = preSolution
		Debug|Any CPU = Debug|Any CPU
		Release|Any CPU = Release|Any CPU
	EndGlobalSection
	GlobalSection(ProjectConfigurationPlatforms) = postSolution
		{DE6C2F35-F542-4035-B340-F9AC186AA547}.Debug|Any CPU.ActiveCfg = Debug|Any CPU
		{DE6C2F35-F542-4035-B340-F9AC186AA547}.Debug|Any CPU.Build.0 = Debug|Any CPU
		{DE6C2F35-F542-4035-B340-F9AC186AA547}.Release|Any CPU.ActiveCfg = Release|Any CPU
		{DE6C2F35-F542-4035-B340-F9AC186AA547}.Release|Any CPU.Build.0 = Release|Any CPU
		{0B852796-C913-400B-9A3D-AB482718150A}.Debug|Any CPU.ActiveCfg = Debug|Any CPU
		{0B852796-C913-400B-9A3D-AB482718150A}.Debug|Any CPU.Build.0 = Debug|Any CPU
		{0B852796-C913-400B-9A3D-AB482718150A}.Release|Any CPU.ActiveCfg = Release|Any CPU
		{0B852796-C913-400B-9A3D-AB482718150A}.Release|Any CPU.Build.0 = Release|Any CPU
		{EADFCB07-2069-4A63-B48A-3D5C703FF574}.Debug|Any CPU.ActiveCfg = Debug|Any CPU
		{EADFCB07-2069-4A63-B48A-3D5C703FF574}.Debug|Any CPU.Build.0 = Debug|Any CPU
		{EADFCB07-2069-4A63-B48A-3D5C703FF574}.Release|Any CPU.ActiveCfg = Release|Any CPU
		{EADFCB07-2069-4A63-B48A-3D5C703FF574}.Release|Any CPU.Build.0 = Release|Any CPU
		{50AADDCA-4A07-4B84-B6B4-931A7EDC4062}.Debug|Any CPU.ActiveCfg = Debug|Any CPU
		{50AADDCA-4A07-4B84-B6B4-931A7EDC4062}.Debug|Any CPU.Build.0 = Debug|Any CPU
		{50AADDCA-4A07-4B84-B6B4-931A7EDC4062}.Release|Any CPU.ActiveCfg = Release|Any CPU
		{50AADDCA-4A07-4B84-B6B4-931A7EDC4062}.Release|Any CPU.Build.0 = Release|Any CPU
		{10AA4B6E-F7A0-4C06-A1C0-10BCAF1FDAA4}.Debug|Any CPU.ActiveCfg = Debug|Any CPU
		{10AA4B6E-F7A0-4C06-A1C0-10BCAF1FDAA4}.Debug|Any CPU.Build.0 = Debug|Any CPU
		{10AA4B6E-F7A0-4C06-A1C0-10BCAF1FDAA4}.Release|Any CPU.ActiveCfg = Release|Any CPU
		{10AA4B6E-F7A0-4C06-A1C0-10BCAF1FDAA4}.Release|Any CPU.Build.0 = Release|Any CPU
		{10992129-1F52-4C47-9250-0E9CC361BA31}.Debug|Any CPU.ActiveCfg = Debug|Any CPU
		{10992129-1F52-4C47-9250-0E9CC361BA31}.Debug|Any CPU.Build.0 = Debug|Any CPU
		{10992129-1F52-4C47-9250-0E9CC361BA31}.Release|Any CPU.ActiveCfg = Release|Any CPU
		{10992129-1F52-4C47-9250-0E9CC361BA31}.Release|Any CPU.Build.0 = Release|Any CPU
		{AA151178-9EEE-4FD3-AF98-B1721D97333F}.Debug|Any CPU.ActiveCfg = Debug|Any CPU
		{AA151178-9EEE-4FD3-AF98-B1721D97333F}.Debug|Any CPU.Build.0 = Debug|Any CPU
		{AA151178-9EEE-4FD3-AF98-B1721D97333F}.Release|Any CPU.ActiveCfg = Release|Any CPU
		{AA151178-9EEE-4FD3-AF98-B1721D97333F}.Release|Any CPU.Build.0 = Release|Any CPU
		{1D6FE0DE-131A-46C1-998A-6D49A0DA616A}.Debug|Any CPU.ActiveCfg = Debug|Any CPU
		{1D6FE0DE-131A-46C1-998A-6D49A0DA616A}.Debug|Any CPU.Build.0 = Debug|Any CPU
		{1D6FE0DE-131A-46C1-998A-6D49A0DA616A}.Release|Any CPU.ActiveCfg = Release|Any CPU
		{1D6FE0DE-131A-46C1-998A-6D49A0DA616A}.Release|Any CPU.Build.0 = Release|Any CPU
		{0194EAC0-14A6-4204-9ED2-F0F546F53B37}.Debug|Any CPU.ActiveCfg = Debug|Any CPU
		{0194EAC0-14A6-4204-9ED2-F0F546F53B37}.Debug|Any CPU.Build.0 = Debug|Any CPU
		{0194EAC0-14A6-4204-9ED2-F0F546F53B37}.Release|Any CPU.ActiveCfg = Release|Any CPU
		{0194EAC0-14A6-4204-9ED2-F0F546F53B37}.Release|Any CPU.Build.0 = Release|Any CPU
		{F73367EB-8A55-492D-B31B-77FCA68A8CE0}.Debug|Any CPU.ActiveCfg = Debug|Any CPU
		{F73367EB-8A55-492D-B31B-77FCA68A8CE0}.Debug|Any CPU.Build.0 = Debug|Any CPU
		{F73367EB-8A55-492D-B31B-77FCA68A8CE0}.Release|Any CPU.ActiveCfg = Release|Any CPU
		{F73367EB-8A55-492D-B31B-77FCA68A8CE0}.Release|Any CPU.Build.0 = Release|Any CPU
		{6F57FCFF-FDDB-4402-994A-3031F72D1C05}.Debug|Any CPU.ActiveCfg = Debug|Any CPU
		{6F57FCFF-FDDB-4402-994A-3031F72D1C05}.Debug|Any CPU.Build.0 = Debug|Any CPU
		{6F57FCFF-FDDB-4402-994A-3031F72D1C05}.Release|Any CPU.ActiveCfg = Release|Any CPU
		{6F57FCFF-FDDB-4402-994A-3031F72D1C05}.Release|Any CPU.Build.0 = Release|Any CPU
		{20E051BF-1252-47DA-96B7-22ED4A3BD62A}.Debug|Any CPU.ActiveCfg = Debug|Any CPU
		{20E051BF-1252-47DA-96B7-22ED4A3BD62A}.Debug|Any CPU.Build.0 = Debug|Any CPU
		{20E051BF-1252-47DA-96B7-22ED4A3BD62A}.Release|Any CPU.ActiveCfg = Release|Any CPU
		{20E051BF-1252-47DA-96B7-22ED4A3BD62A}.Release|Any CPU.Build.0 = Release|Any CPU
		{5C2A83E3-7CDE-4565-AED6-3EB46EFE42C0}.Debug|Any CPU.ActiveCfg = Debug|Any CPU
		{5C2A83E3-7CDE-4565-AED6-3EB46EFE42C0}.Debug|Any CPU.Build.0 = Debug|Any CPU
		{5C2A83E3-7CDE-4565-AED6-3EB46EFE42C0}.Release|Any CPU.ActiveCfg = Release|Any CPU
		{5C2A83E3-7CDE-4565-AED6-3EB46EFE42C0}.Release|Any CPU.Build.0 = Release|Any CPU
		{E3C9DB98-2514-4951-904F-E4A139CF6E99}.Debug|Any CPU.ActiveCfg = Debug|Any CPU
		{E3C9DB98-2514-4951-904F-E4A139CF6E99}.Debug|Any CPU.Build.0 = Debug|Any CPU
		{E3C9DB98-2514-4951-904F-E4A139CF6E99}.Release|Any CPU.ActiveCfg = Release|Any CPU
		{E3C9DB98-2514-4951-904F-E4A139CF6E99}.Release|Any CPU.Build.0 = Release|Any CPU
		{EC3FF145-CE12-4E7F-9100-AC3C71302398}.Debug|Any CPU.ActiveCfg = Debug|Any CPU
		{EC3FF145-CE12-4E7F-9100-AC3C71302398}.Debug|Any CPU.Build.0 = Debug|Any CPU
		{EC3FF145-CE12-4E7F-9100-AC3C71302398}.Release|Any CPU.ActiveCfg = Release|Any CPU
		{EC3FF145-CE12-4E7F-9100-AC3C71302398}.Release|Any CPU.Build.0 = Release|Any CPU
		{3ACC696C-755F-44FD-BD31-F8FC80C0FF99}.Debug|Any CPU.ActiveCfg = Debug|Any CPU
		{3ACC696C-755F-44FD-BD31-F8FC80C0FF99}.Debug|Any CPU.Build.0 = Debug|Any CPU
		{3ACC696C-755F-44FD-BD31-F8FC80C0FF99}.Release|Any CPU.ActiveCfg = Release|Any CPU
		{3ACC696C-755F-44FD-BD31-F8FC80C0FF99}.Release|Any CPU.Build.0 = Release|Any CPU
	EndGlobalSection
	GlobalSection(SolutionProperties) = preSolution
		HideSolutionNode = FALSE
	EndGlobalSection
	GlobalSection(ExtensibilityGlobals) = postSolution
		SolutionGuid = {B112AFE5-D7A8-4701-B9AA-4826F88FD2D9}
	EndGlobalSection
EndGlobal
